// !$*UTF8*$!
{
	archiveVersion = 1;
	classes = {
	};
	objectVersion = 46;
	objects = {

/* Begin PBXBuildFile section */
		F47B61C11F2B4CD000C6DC8F /* line@2x.png in Resources */ = {isa = PBXBuildFile; fileRef = F47B61BA1F2B4CD000C6DC8F /* line@2x.png */; };
		F47B61C21F2B4CD000C6DC8F /* pick_bg2@2x.png in Resources */ = {isa = PBXBuildFile; fileRef = F47B61BB1F2B4CD000C6DC8F /* pick_bg2@2x.png */; };
		F47B61C31F2B4CD000C6DC8F /* pick_bg@2x.png in Resources */ = {isa = PBXBuildFile; fileRef = F47B61BC1F2B4CD000C6DC8F /* pick_bg@2x.png */; };
		F47B61C51F2B4CD000C6DC8F /* ScanQRcode.m in Sources */ = {isa = PBXBuildFile; fileRef = F47B61C01F2B4CD000C6DC8F /* ScanQRcode.m */; };
		F47B61C81F2B4D6800C6DC8F /* 返回2@2x.png in Resources */ = {isa = PBXBuildFile; fileRef = F47B61C61F2B4D6800C6DC8F /* 返回2@2x.png */; };
		F47B61C91F2B4D6800C6DC8F /* 返回2@3x.png in Resources */ = {isa = PBXBuildFile; fileRef = F47B61C71F2B4D6800C6DC8F /* 返回2@3x.png */; };
		F47B61CC1F2B4E8400C6DC8F /* 扫一扫@2x.png in Resources */ = {isa = PBXBuildFile; fileRef = F47B61CA1F2B4E8400C6DC8F /* 扫一扫@2x.png */; };
		F47B61CD1F2B4E8400C6DC8F /* 扫一扫@3x.png in Resources */ = {isa = PBXBuildFile; fileRef = F47B61CB1F2B4E8400C6DC8F /* 扫一扫@3x.png */; };
		F4C4A2471F2B42CB00E61F5D /* main.m in Sources */ = {isa = PBXBuildFile; fileRef = F4C4A2461F2B42CB00E61F5D /* main.m */; };
		F4C4A24A1F2B42CB00E61F5D /* AppDelegate.m in Sources */ = {isa = PBXBuildFile; fileRef = F4C4A2491F2B42CB00E61F5D /* AppDelegate.m */; };
		F4C4A24D1F2B42CB00E61F5D /* ViewController.m in Sources */ = {isa = PBXBuildFile; fileRef = F4C4A24C1F2B42CB00E61F5D /* ViewController.m */; };
		F4C4A2501F2B42CB00E61F5D /* Main.storyboard in Resources */ = {isa = PBXBuildFile; fileRef = F4C4A24E1F2B42CB00E61F5D /* Main.storyboard */; };
		F4C4A2521F2B42CB00E61F5D /* Assets.xcassets in Resources */ = {isa = PBXBuildFile; fileRef = F4C4A2511F2B42CB00E61F5D /* Assets.xcassets */; };
		F4C4A2551F2B42CB00E61F5D /* LaunchScreen.storyboard in Resources */ = {isa = PBXBuildFile; fileRef = F4C4A2531F2B42CB00E61F5D /* LaunchScreen.storyboard */; };
		F4C4A2601F2B42CB00E61F5D /* Y2W_SDK_testTests.m in Sources */ = {isa = PBXBuildFile; fileRef = F4C4A25F1F2B42CB00E61F5D /* Y2W_SDK_testTests.m */; };
		F4C4A26B1F2B42CB00E61F5D /* Y2W_SDK_testUITests.m in Sources */ = {isa = PBXBuildFile; fileRef = F4C4A26A1F2B42CB00E61F5D /* Y2W_SDK_testUITests.m */; };
		F4C4A27D1F2B438C00E61F5D /* Y2W_ConnetcionTV_SDK.framework in Frameworks */ = {isa = PBXBuildFile; fileRef = F4C4A2791F2B436F00E61F5D /* Y2W_ConnetcionTV_SDK.framework */; };
		F4C4A27E1F2B438C00E61F5D /* Y2W_ConnetcionTV_SDK.framework in Embed Frameworks */ = {isa = PBXBuildFile; fileRef = F4C4A2791F2B436F00E61F5D /* Y2W_ConnetcionTV_SDK.framework */; settings = {ATTRIBUTES = (CodeSignOnCopy, RemoveHeadersOnCopy, ); }; };
		F4C4A2801F2B439000E61F5D /* Y2W_IM_SDK.framework in Frameworks */ = {isa = PBXBuildFile; fileRef = F4C4A27A1F2B436F00E61F5D /* Y2W_IM_SDK.framework */; };
		F4C4A2811F2B439000E61F5D /* Y2W_IM_SDK.framework in Embed Frameworks */ = {isa = PBXBuildFile; fileRef = F4C4A27A1F2B436F00E61F5D /* Y2W_IM_SDK.framework */; settings = {ATTRIBUTES = (CodeSignOnCopy, RemoveHeadersOnCopy, ); }; };
		F4C4A2851F2B46C900E61F5D /* CustomizeViewController.m in Sources */ = {isa = PBXBuildFile; fileRef = F4C4A2831F2B46C900E61F5D /* CustomizeViewController.m */; };
		F4C4A2861F2B46C900E61F5D /* CustomizeViewController.xib in Resources */ = {isa = PBXBuildFile; fileRef = F4C4A2841F2B46C900E61F5D /* CustomizeViewController.xib */; };
/* End PBXBuildFile section */

/* Begin PBXContainerItemProxy section */
		F4C4A25C1F2B42CB00E61F5D /* PBXContainerItemProxy */ = {
			isa = PBXContainerItemProxy;
			containerPortal = F4C4A23A1F2B42CB00E61F5D /* Project object */;
			proxyType = 1;
			remoteGlobalIDString = F4C4A2411F2B42CB00E61F5D;
			remoteInfo = Y2W_SDK_test;
		};
		F4C4A2671F2B42CB00E61F5D /* PBXContainerItemProxy */ = {
			isa = PBXContainerItemProxy;
			containerPortal = F4C4A23A1F2B42CB00E61F5D /* Project object */;
			proxyType = 1;
			remoteGlobalIDString = F4C4A2411F2B42CB00E61F5D;
			remoteInfo = Y2W_SDK_test;
		};
/* End PBXContainerItemProxy section */

/* Begin PBXCopyFilesBuildPhase section */
		F4C4A27F1F2B438C00E61F5D /* Embed Frameworks */ = {
			isa = PBXCopyFilesBuildPhase;
			buildActionMask = 2147483647;
			dstPath = "";
			dstSubfolderSpec = 10;
			files = (
				F4C4A2811F2B439000E61F5D /* Y2W_IM_SDK.framework in Embed Frameworks */,
				F4C4A27E1F2B438C00E61F5D /* Y2W_ConnetcionTV_SDK.framework in Embed Frameworks */,
			);
			name = "Embed Frameworks";
			runOnlyForDeploymentPostprocessing = 0;
		};
/* End PBXCopyFilesBuildPhase section */

/* Begin PBXFileReference section */
		F47B61BA1F2B4CD000C6DC8F /* line@2x.png */ = {isa = PBXFileReference; lastKnownFileType = image.png; path = "line@2x.png"; sourceTree = "<group>"; };
		F47B61BB1F2B4CD000C6DC8F /* pick_bg2@2x.png */ = {isa = PBXFileReference; lastKnownFileType = image.png; path = "pick_bg2@2x.png"; sourceTree = "<group>"; };
		F47B61BC1F2B4CD000C6DC8F /* pick_bg@2x.png */ = {isa = PBXFileReference; lastKnownFileType = image.png; path = "pick_bg@2x.png"; sourceTree = "<group>"; };
		F47B61BF1F2B4CD000C6DC8F /* ScanQRcode.h */ = {isa = PBXFileReference; fileEncoding = 4; lastKnownFileType = sourcecode.c.h; path = ScanQRcode.h; sourceTree = "<group>"; };
		F47B61C01F2B4CD000C6DC8F /* ScanQRcode.m */ = {isa = PBXFileReference; fileEncoding = 4; lastKnownFileType = sourcecode.c.objc; path = ScanQRcode.m; sourceTree = "<group>"; };
		F47B61C61F2B4D6800C6DC8F /* 返回2@2x.png */ = {isa = PBXFileReference; lastKnownFileType = image.png; path = "返回2@2x.png"; sourceTree = "<group>"; };
		F47B61C71F2B4D6800C6DC8F /* 返回2@3x.png */ = {isa = PBXFileReference; lastKnownFileType = image.png; path = "返回2@3x.png"; sourceTree = "<group>"; };
		F47B61CA1F2B4E8400C6DC8F /* 扫一扫@2x.png */ = {isa = PBXFileReference; lastKnownFileType = image.png; path = "扫一扫@2x.png"; sourceTree = "<group>"; };
		F47B61CB1F2B4E8400C6DC8F /* 扫一扫@3x.png */ = {isa = PBXFileReference; lastKnownFileType = image.png; path = "扫一扫@3x.png"; sourceTree = "<group>"; };
		F4C4A2421F2B42CB00E61F5D /* Y2W_SDK_test.app */ = {isa = PBXFileReference; explicitFileType = wrapper.application; includeInIndex = 0; path = Y2W_SDK_test.app; sourceTree = BUILT_PRODUCTS_DIR; };
		F4C4A2461F2B42CB00E61F5D /* main.m */ = {isa = PBXFileReference; lastKnownFileType = sourcecode.c.objc; path = main.m; sourceTree = "<group>"; };
		F4C4A2481F2B42CB00E61F5D /* AppDelegate.h */ = {isa = PBXFileReference; lastKnownFileType = sourcecode.c.h; path = AppDelegate.h; sourceTree = "<group>"; };
		F4C4A2491F2B42CB00E61F5D /* AppDelegate.m */ = {isa = PBXFileReference; lastKnownFileType = sourcecode.c.objc; path = AppDelegate.m; sourceTree = "<group>"; };
		F4C4A24B1F2B42CB00E61F5D /* ViewController.h */ = {isa = PBXFileReference; lastKnownFileType = sourcecode.c.h; path = ViewController.h; sourceTree = "<group>"; };
		F4C4A24C1F2B42CB00E61F5D /* ViewController.m */ = {isa = PBXFileReference; lastKnownFileType = sourcecode.c.objc; path = ViewController.m; sourceTree = "<group>"; };
		F4C4A24F1F2B42CB00E61F5D /* Base */ = {isa = PBXFileReference; lastKnownFileType = file.storyboard; name = Base; path = Base.lproj/Main.storyboard; sourceTree = "<group>"; };
		F4C4A2511F2B42CB00E61F5D /* Assets.xcassets */ = {isa = PBXFileReference; lastKnownFileType = folder.assetcatalog; path = Assets.xcassets; sourceTree = "<group>"; };
		F4C4A2541F2B42CB00E61F5D /* Base */ = {isa = PBXFileReference; lastKnownFileType = file.storyboard; name = Base; path = Base.lproj/LaunchScreen.storyboard; sourceTree = "<group>"; };
		F4C4A2561F2B42CB00E61F5D /* Info.plist */ = {isa = PBXFileReference; lastKnownFileType = text.plist.xml; path = Info.plist; sourceTree = "<group>"; };
		F4C4A25B1F2B42CB00E61F5D /* Y2W_SDK_testTests.xctest */ = {isa = PBXFileReference; explicitFileType = wrapper.cfbundle; includeInIndex = 0; path = Y2W_SDK_testTests.xctest; sourceTree = BUILT_PRODUCTS_DIR; };
		F4C4A25F1F2B42CB00E61F5D /* Y2W_SDK_testTests.m */ = {isa = PBXFileReference; lastKnownFileType = sourcecode.c.objc; path = Y2W_SDK_testTests.m; sourceTree = "<group>"; };
		F4C4A2611F2B42CB00E61F5D /* Info.plist */ = {isa = PBXFileReference; lastKnownFileType = text.plist.xml; path = Info.plist; sourceTree = "<group>"; };
		F4C4A2661F2B42CB00E61F5D /* Y2W_SDK_testUITests.xctest */ = {isa = PBXFileReference; explicitFileType = wrapper.cfbundle; includeInIndex = 0; path = Y2W_SDK_testUITests.xctest; sourceTree = BUILT_PRODUCTS_DIR; };
		F4C4A26A1F2B42CB00E61F5D /* Y2W_SDK_testUITests.m */ = {isa = PBXFileReference; lastKnownFileType = sourcecode.c.objc; path = Y2W_SDK_testUITests.m; sourceTree = "<group>"; };
		F4C4A26C1F2B42CB00E61F5D /* Info.plist */ = {isa = PBXFileReference; lastKnownFileType = text.plist.xml; path = Info.plist; sourceTree = "<group>"; };
		F4C4A2791F2B436F00E61F5D /* Y2W_ConnetcionTV_SDK.framework */ = {isa = PBXFileReference; lastKnownFileType = wrapper.framework; path = Y2W_ConnetcionTV_SDK.framework; sourceTree = "<group>"; };
		F4C4A27A1F2B436F00E61F5D /* Y2W_IM_SDK.framework */ = {isa = PBXFileReference; lastKnownFileType = wrapper.framework; path = Y2W_IM_SDK.framework; sourceTree = "<group>"; };
		F4C4A2821F2B46C900E61F5D /* CustomizeViewController.h */ = {isa = PBXFileReference; fileEncoding = 4; lastKnownFileType = sourcecode.c.h; path = CustomizeViewController.h; sourceTree = "<group>"; };
		F4C4A2831F2B46C900E61F5D /* CustomizeViewController.m */ = {isa = PBXFileReference; fileEncoding = 4; lastKnownFileType = sourcecode.c.objc; path = CustomizeViewController.m; sourceTree = "<group>"; };
		F4C4A2841F2B46C900E61F5D /* CustomizeViewController.xib */ = {isa = PBXFileReference; fileEncoding = 4; lastKnownFileType = file.xib; path = CustomizeViewController.xib; sourceTree = "<group>"; };
/* End PBXFileReference section */

/* Begin PBXFrameworksBuildPhase section */
		F4C4A23F1F2B42CB00E61F5D /* Frameworks */ = {
			isa = PBXFrameworksBuildPhase;
			buildActionMask = 2147483647;
			files = (
				F4C4A2801F2B439000E61F5D /* Y2W_IM_SDK.framework in Frameworks */,
				F4C4A27D1F2B438C00E61F5D /* Y2W_ConnetcionTV_SDK.framework in Frameworks */,
			);
			runOnlyForDeploymentPostprocessing = 0;
		};
		F4C4A2581F2B42CB00E61F5D /* Frameworks */ = {
			isa = PBXFrameworksBuildPhase;
			buildActionMask = 2147483647;
			files = (
			);
			runOnlyForDeploymentPostprocessing = 0;
		};
		F4C4A2631F2B42CB00E61F5D /* Frameworks */ = {
			isa = PBXFrameworksBuildPhase;
			buildActionMask = 2147483647;
			files = (
			);
			runOnlyForDeploymentPostprocessing = 0;
		};
/* End PBXFrameworksBuildPhase section */

/* Begin PBXGroup section */
		F47B61B81F2B4CD000C6DC8F /* Scan */ = {
			isa = PBXGroup;
			children = (
				F47B61B91F2B4CD000C6DC8F /* QRcodeImage */,
				F47B61BF1F2B4CD000C6DC8F /* ScanQRcode.h */,
				F47B61C01F2B4CD000C6DC8F /* ScanQRcode.m */,
			);
			path = Scan;
			sourceTree = "<group>";
		};
		F47B61B91F2B4CD000C6DC8F /* QRcodeImage */ = {
			isa = PBXGroup;
			children = (
				F47B61CA1F2B4E8400C6DC8F /* 扫一扫@2x.png */,
				F47B61CB1F2B4E8400C6DC8F /* 扫一扫@3x.png */,
				F47B61C61F2B4D6800C6DC8F /* 返回2@2x.png */,
				F47B61C71F2B4D6800C6DC8F /* 返回2@3x.png */,
				F47B61BA1F2B4CD000C6DC8F /* line@2x.png */,
				F47B61BB1F2B4CD000C6DC8F /* pick_bg2@2x.png */,
				F47B61BC1F2B4CD000C6DC8F /* pick_bg@2x.png */,
			);
			path = QRcodeImage;
			sourceTree = "<group>";
		};
		F4C4A2391F2B42CB00E61F5D = {
			isa = PBXGroup;
			children = (
				F4C4A2441F2B42CB00E61F5D /* Y2W_SDK_test */,
				F4C4A25E1F2B42CB00E61F5D /* Y2W_SDK_testTests */,
				F4C4A2691F2B42CB00E61F5D /* Y2W_SDK_testUITests */,
				F4C4A2431F2B42CB00E61F5D /* Products */,
			);
			sourceTree = "<group>";
		};
		F4C4A2431F2B42CB00E61F5D /* Products */ = {
			isa = PBXGroup;
			children = (
				F4C4A2421F2B42CB00E61F5D /* Y2W_SDK_test.app */,
				F4C4A25B1F2B42CB00E61F5D /* Y2W_SDK_testTests.xctest */,
				F4C4A2661F2B42CB00E61F5D /* Y2W_SDK_testUITests.xctest */,
			);
			name = Products;
			sourceTree = "<group>";
		};
		F4C4A2441F2B42CB00E61F5D /* Y2W_SDK_test */ = {
			isa = PBXGroup;
			children = (
				F47B61B81F2B4CD000C6DC8F /* Scan */,
				F4C4A2781F2B436F00E61F5D /* frameworks */,
				F4C4A2481F2B42CB00E61F5D /* AppDelegate.h */,
				F4C4A2491F2B42CB00E61F5D /* AppDelegate.m */,
				F4C4A24B1F2B42CB00E61F5D /* ViewController.h */,
				F4C4A24C1F2B42CB00E61F5D /* ViewController.m */,
				F4C4A24E1F2B42CB00E61F5D /* Main.storyboard */,
				F4C4A2821F2B46C900E61F5D /* CustomizeViewController.h */,
				F4C4A2831F2B46C900E61F5D /* CustomizeViewController.m */,
				F4C4A2841F2B46C900E61F5D /* CustomizeViewController.xib */,
				F4C4A2511F2B42CB00E61F5D /* Assets.xcassets */,
				F4C4A2531F2B42CB00E61F5D /* LaunchScreen.storyboard */,
				F4C4A2561F2B42CB00E61F5D /* Info.plist */,
				F4C4A2451F2B42CB00E61F5D /* Supporting Files */,
			);
			path = Y2W_SDK_test;
			sourceTree = "<group>";
		};
		F4C4A2451F2B42CB00E61F5D /* Supporting Files */ = {
			isa = PBXGroup;
			children = (
				F4C4A2461F2B42CB00E61F5D /* main.m */,
			);
			name = "Supporting Files";
			sourceTree = "<group>";
		};
		F4C4A25E1F2B42CB00E61F5D /* Y2W_SDK_testTests */ = {
			isa = PBXGroup;
			children = (
				F4C4A25F1F2B42CB00E61F5D /* Y2W_SDK_testTests.m */,
				F4C4A2611F2B42CB00E61F5D /* Info.plist */,
			);
			path = Y2W_SDK_testTests;
			sourceTree = "<group>";
		};
		F4C4A2691F2B42CB00E61F5D /* Y2W_SDK_testUITests */ = {
			isa = PBXGroup;
			children = (
				F4C4A26A1F2B42CB00E61F5D /* Y2W_SDK_testUITests.m */,
				F4C4A26C1F2B42CB00E61F5D /* Info.plist */,
			);
			path = Y2W_SDK_testUITests;
			sourceTree = "<group>";
		};
		F4C4A2781F2B436F00E61F5D /* frameworks */ = {
			isa = PBXGroup;
			children = (
				F4C4A2791F2B436F00E61F5D /* Y2W_ConnetcionTV_SDK.framework */,
				F4C4A27A1F2B436F00E61F5D /* Y2W_IM_SDK.framework */,
			);
			path = frameworks;
			sourceTree = "<group>";
		};
/* End PBXGroup section */

/* Begin PBXNativeTarget section */
		F4C4A2411F2B42CB00E61F5D /* Y2W_SDK_test */ = {
			isa = PBXNativeTarget;
			buildConfigurationList = F4C4A26F1F2B42CB00E61F5D /* Build configuration list for PBXNativeTarget "Y2W_SDK_test" */;
			buildPhases = (
				F4C4A23E1F2B42CB00E61F5D /* Sources */,
				F4C4A23F1F2B42CB00E61F5D /* Frameworks */,
				F4C4A2401F2B42CB00E61F5D /* Resources */,
				F4C4A27F1F2B438C00E61F5D /* Embed Frameworks */,
			);
			buildRules = (
			);
			dependencies = (
			);
			name = Y2W_SDK_test;
			productName = Y2W_SDK_test;
			productReference = F4C4A2421F2B42CB00E61F5D /* Y2W_SDK_test.app */;
			productType = "com.apple.product-type.application";
		};
		F4C4A25A1F2B42CB00E61F5D /* Y2W_SDK_testTests */ = {
			isa = PBXNativeTarget;
			buildConfigurationList = F4C4A2721F2B42CB00E61F5D /* Build configuration list for PBXNativeTarget "Y2W_SDK_testTests" */;
			buildPhases = (
				F4C4A2571F2B42CB00E61F5D /* Sources */,
				F4C4A2581F2B42CB00E61F5D /* Frameworks */,
				F4C4A2591F2B42CB00E61F5D /* Resources */,
			);
			buildRules = (
			);
			dependencies = (
				F4C4A25D1F2B42CB00E61F5D /* PBXTargetDependency */,
			);
			name = Y2W_SDK_testTests;
			productName = Y2W_SDK_testTests;
			productReference = F4C4A25B1F2B42CB00E61F5D /* Y2W_SDK_testTests.xctest */;
			productType = "com.apple.product-type.bundle.unit-test";
		};
		F4C4A2651F2B42CB00E61F5D /* Y2W_SDK_testUITests */ = {
			isa = PBXNativeTarget;
			buildConfigurationList = F4C4A2751F2B42CB00E61F5D /* Build configuration list for PBXNativeTarget "Y2W_SDK_testUITests" */;
			buildPhases = (
				F4C4A2621F2B42CB00E61F5D /* Sources */,
				F4C4A2631F2B42CB00E61F5D /* Frameworks */,
				F4C4A2641F2B42CB00E61F5D /* Resources */,
			);
			buildRules = (
			);
			dependencies = (
				F4C4A2681F2B42CB00E61F5D /* PBXTargetDependency */,
			);
			name = Y2W_SDK_testUITests;
			productName = Y2W_SDK_testUITests;
			productReference = F4C4A2661F2B42CB00E61F5D /* Y2W_SDK_testUITests.xctest */;
			productType = "com.apple.product-type.bundle.ui-testing";
		};
/* End PBXNativeTarget section */

/* Begin PBXProject section */
		F4C4A23A1F2B42CB00E61F5D /* Project object */ = {
			isa = PBXProject;
			attributes = {
				LastUpgradeCheck = 0830;
				ORGANIZATIONNAME = yun2win;
				TargetAttributes = {
					F4C4A2411F2B42CB00E61F5D = {
						CreatedOnToolsVersion = 8.3.2;
						DevelopmentTeam = 7GY5FVN28H;
						ProvisioningStyle = Automatic;
					};
					F4C4A25A1F2B42CB00E61F5D = {
						CreatedOnToolsVersion = 8.3.2;
						DevelopmentTeam = 7GY5FVN28H;
						ProvisioningStyle = Automatic;
						TestTargetID = F4C4A2411F2B42CB00E61F5D;
					};
					F4C4A2651F2B42CB00E61F5D = {
						CreatedOnToolsVersion = 8.3.2;
						DevelopmentTeam = 7GY5FVN28H;
						ProvisioningStyle = Automatic;
						TestTargetID = F4C4A2411F2B42CB00E61F5D;
					};
				};
			};
			buildConfigurationList = F4C4A23D1F2B42CB00E61F5D /* Build configuration list for PBXProject "Y2W_SDK_test" */;
			compatibilityVersion = "Xcode 3.2";
			developmentRegion = English;
			hasScannedForEncodings = 0;
			knownRegions = (
				en,
				Base,
			);
			mainGroup = F4C4A2391F2B42CB00E61F5D;
			productRefGroup = F4C4A2431F2B42CB00E61F5D /* Products */;
			projectDirPath = "";
			projectRoot = "";
			targets = (
				F4C4A2411F2B42CB00E61F5D /* Y2W_SDK_test */,
				F4C4A25A1F2B42CB00E61F5D /* Y2W_SDK_testTests */,
				F4C4A2651F2B42CB00E61F5D /* Y2W_SDK_testUITests */,
			);
		};
/* End PBXProject section */

/* Begin PBXResourcesBuildPhase section */
		F4C4A2401F2B42CB00E61F5D /* Resources */ = {
			isa = PBXResourcesBuildPhase;
			buildActionMask = 2147483647;
			files = (
				F47B61C31F2B4CD000C6DC8F /* pick_bg@2x.png in Resources */,
				F4C4A2551F2B42CB00E61F5D /* LaunchScreen.storyboard in Resources */,
				F47B61C21F2B4CD000C6DC8F /* pick_bg2@2x.png in Resources */,
				F47B61C81F2B4D6800C6DC8F /* 返回2@2x.png in Resources */,
				F47B61C11F2B4CD000C6DC8F /* line@2x.png in Resources */,
				F47B61CD1F2B4E8400C6DC8F /* 扫一扫@3x.png in Resources */,
				F47B61CC1F2B4E8400C6DC8F /* 扫一扫@2x.png in Resources */,
				F47B61C91F2B4D6800C6DC8F /* 返回2@3x.png in Resources */,
				F4C4A2521F2B42CB00E61F5D /* Assets.xcassets in Resources */,
				F4C4A2861F2B46C900E61F5D /* CustomizeViewController.xib in Resources */,
				F4C4A2501F2B42CB00E61F5D /* Main.storyboard in Resources */,
			);
			runOnlyForDeploymentPostprocessing = 0;
		};
		F4C4A2591F2B42CB00E61F5D /* Resources */ = {
			isa = PBXResourcesBuildPhase;
			buildActionMask = 2147483647;
			files = (
			);
			runOnlyForDeploymentPostprocessing = 0;
		};
		F4C4A2641F2B42CB00E61F5D /* Resources */ = {
			isa = PBXResourcesBuildPhase;
			buildActionMask = 2147483647;
			files = (
			);
			runOnlyForDeploymentPostprocessing = 0;
		};
/* End PBXResourcesBuildPhase section */

/* Begin PBXSourcesBuildPhase section */
		F4C4A23E1F2B42CB00E61F5D /* Sources */ = {
			isa = PBXSourcesBuildPhase;
			buildActionMask = 2147483647;
			files = (
				F4C4A24D1F2B42CB00E61F5D /* ViewController.m in Sources */,
				F4C4A24A1F2B42CB00E61F5D /* AppDelegate.m in Sources */,
				F47B61C51F2B4CD000C6DC8F /* ScanQRcode.m in Sources */,
				F4C4A2851F2B46C900E61F5D /* CustomizeViewController.m in Sources */,
				F4C4A2471F2B42CB00E61F5D /* main.m in Sources */,
			);
			runOnlyForDeploymentPostprocessing = 0;
		};
		F4C4A2571F2B42CB00E61F5D /* Sources */ = {
			isa = PBXSourcesBuildPhase;
			buildActionMask = 2147483647;
			files = (
				F4C4A2601F2B42CB00E61F5D /* Y2W_SDK_testTests.m in Sources */,
			);
			runOnlyForDeploymentPostprocessing = 0;
		};
		F4C4A2621F2B42CB00E61F5D /* Sources */ = {
			isa = PBXSourcesBuildPhase;
			buildActionMask = 2147483647;
			files = (
				F4C4A26B1F2B42CB00E61F5D /* Y2W_SDK_testUITests.m in Sources */,
			);
			runOnlyForDeploymentPostprocessing = 0;
		};
/* End PBXSourcesBuildPhase section */

/* Begin PBXTargetDependency section */
		F4C4A25D1F2B42CB00E61F5D /* PBXTargetDependency */ = {
			isa = PBXTargetDependency;
			target = F4C4A2411F2B42CB00E61F5D /* Y2W_SDK_test */;
			targetProxy = F4C4A25C1F2B42CB00E61F5D /* PBXContainerItemProxy */;
		};
		F4C4A2681F2B42CB00E61F5D /* PBXTargetDependency */ = {
			isa = PBXTargetDependency;
			target = F4C4A2411F2B42CB00E61F5D /* Y2W_SDK_test */;
			targetProxy = F4C4A2671F2B42CB00E61F5D /* PBXContainerItemProxy */;
		};
/* End PBXTargetDependency section */

/* Begin PBXVariantGroup section */
		F4C4A24E1F2B42CB00E61F5D /* Main.storyboard */ = {
			isa = PBXVariantGroup;
			children = (
				F4C4A24F1F2B42CB00E61F5D /* Base */,
			);
			name = Main.storyboard;
			sourceTree = "<group>";
		};
		F4C4A2531F2B42CB00E61F5D /* LaunchScreen.storyboard */ = {
			isa = PBXVariantGroup;
			children = (
				F4C4A2541F2B42CB00E61F5D /* Base */,
			);
			name = LaunchScreen.storyboard;
			sourceTree = "<group>";
		};
/* End PBXVariantGroup section */

/* Begin XCBuildConfiguration section */
		F4C4A26D1F2B42CB00E61F5D /* Debug */ = {
			isa = XCBuildConfiguration;
			buildSettings = {
				ALWAYS_SEARCH_USER_PATHS = NO;
				CLANG_ANALYZER_NONNULL = YES;
				CLANG_ANALYZER_NUMBER_OBJECT_CONVERSION = YES_AGGRESSIVE;
				CLANG_CXX_LANGUAGE_STANDARD = "gnu++0x";
				CLANG_CXX_LIBRARY = "libc++";
				CLANG_ENABLE_MODULES = YES;
				CLANG_ENABLE_OBJC_ARC = YES;
				CLANG_WARN_BOOL_CONVERSION = YES;
				CLANG_WARN_CONSTANT_CONVERSION = YES;
				CLANG_WARN_DIRECT_OBJC_ISA_USAGE = YES_ERROR;
				CLANG_WARN_DOCUMENTATION_COMMENTS = YES;
				CLANG_WARN_EMPTY_BODY = YES;
				CLANG_WARN_ENUM_CONVERSION = YES;
				CLANG_WARN_INFINITE_RECURSION = YES;
				CLANG_WARN_INT_CONVERSION = YES;
				CLANG_WARN_OBJC_ROOT_CLASS = YES_ERROR;
				CLANG_WARN_SUSPICIOUS_MOVE = YES;
				CLANG_WARN_UNREACHABLE_CODE = YES;
				CLANG_WARN__DUPLICATE_METHOD_MATCH = YES;
				"CODE_SIGN_IDENTITY[sdk=iphoneos*]" = "iPhone Developer";
				COPY_PHASE_STRIP = NO;
				DEBUG_INFORMATION_FORMAT = dwarf;
				ENABLE_STRICT_OBJC_MSGSEND = YES;
				ENABLE_TESTABILITY = YES;
				GCC_C_LANGUAGE_STANDARD = gnu99;
				GCC_DYNAMIC_NO_PIC = NO;
				GCC_NO_COMMON_BLOCKS = YES;
				GCC_OPTIMIZATION_LEVEL = 0;
				GCC_PREPROCESSOR_DEFINITIONS = (
					"DEBUG=1",
					"$(inherited)",
				);
				GCC_WARN_64_TO_32_BIT_CONVERSION = YES;
				GCC_WARN_ABOUT_RETURN_TYPE = YES_ERROR;
				GCC_WARN_UNDECLARED_SELECTOR = YES;
				GCC_WARN_UNINITIALIZED_AUTOS = YES_AGGRESSIVE;
				GCC_WARN_UNUSED_FUNCTION = YES;
				GCC_WARN_UNUSED_VARIABLE = YES;
				IPHONEOS_DEPLOYMENT_TARGET = 10.3;
				MTL_ENABLE_DEBUG_INFO = YES;
				ONLY_ACTIVE_ARCH = YES;
				SDKROOT = iphoneos;
			};
			name = Debug;
		};
		F4C4A26E1F2B42CB00E61F5D /* Release */ = {
			isa = XCBuildConfiguration;
			buildSettings = {
				ALWAYS_SEARCH_USER_PATHS = NO;
				CLANG_ANALYZER_NONNULL = YES;
				CLANG_ANALYZER_NUMBER_OBJECT_CONVERSION = YES_AGGRESSIVE;
				CLANG_CXX_LANGUAGE_STANDARD = "gnu++0x";
				CLANG_CXX_LIBRARY = "libc++";
				CLANG_ENABLE_MODULES = YES;
				CLANG_ENABLE_OBJC_ARC = YES;
				CLANG_WARN_BOOL_CONVERSION = YES;
				CLANG_WARN_CONSTANT_CONVERSION = YES;
				CLANG_WARN_DIRECT_OBJC_ISA_USAGE = YES_ERROR;
				CLANG_WARN_DOCUMENTATION_COMMENTS = YES;
				CLANG_WARN_EMPTY_BODY = YES;
				CLANG_WARN_ENUM_CONVERSION = YES;
				CLANG_WARN_INFINITE_RECURSION = YES;
				CLANG_WARN_INT_CONVERSION = YES;
				CLANG_WARN_OBJC_ROOT_CLASS = YES_ERROR;
				CLANG_WARN_SUSPICIOUS_MOVE = YES;
				CLANG_WARN_UNREACHABLE_CODE = YES;
				CLANG_WARN__DUPLICATE_METHOD_MATCH = YES;
				"CODE_SIGN_IDENTITY[sdk=iphoneos*]" = "iPhone Developer";
				COPY_PHASE_STRIP = NO;
				DEBUG_INFORMATION_FORMAT = "dwarf-with-dsym";
				ENABLE_NS_ASSERTIONS = NO;
				ENABLE_STRICT_OBJC_MSGSEND = YES;
				GCC_C_LANGUAGE_STANDARD = gnu99;
				GCC_NO_COMMON_BLOCKS = YES;
				GCC_WARN_64_TO_32_BIT_CONVERSION = YES;
				GCC_WARN_ABOUT_RETURN_TYPE = YES_ERROR;
				GCC_WARN_UNDECLARED_SELECTOR = YES;
				GCC_WARN_UNINITIALIZED_AUTOS = YES_AGGRESSIVE;
				GCC_WARN_UNUSED_FUNCTION = YES;
				GCC_WARN_UNUSED_VARIABLE = YES;
				IPHONEOS_DEPLOYMENT_TARGET = 10.3;
				MTL_ENABLE_DEBUG_INFO = NO;
				SDKROOT = iphoneos;
				VALIDATE_PRODUCT = YES;
			};
			name = Release;
		};
		F4C4A2701F2B42CB00E61F5D /* Debug */ = {
			isa = XCBuildConfiguration;
			buildSettings = {
				ASSETCATALOG_COMPILER_APPICON_NAME = AppIcon;
				DEVELOPMENT_TEAM = 7GY5FVN28H;
				ENABLE_BITCODE = NO;
				FRAMEWORK_SEARCH_PATHS = (
					"$(inherited)",
					"$(PROJECT_DIR)/Y2W_SDK_test/frameworks",
				);
				INFOPLIST_FILE = Y2W_SDK_test/Info.plist;
				LD_RUNPATH_SEARCH_PATHS = "$(inherited) @executable_path/Frameworks";
				OTHER_LDFLAGS = "-ObjC";
				PRODUCT_BUNDLE_IDENTIFIER = "com.liyueyun.Y2W-test-SDK.Y2W-SDK-test";
				PRODUCT_NAME = "$(TARGET_NAME)";
			};
			name = Debug;
		};
		F4C4A2711F2B42CB00E61F5D /* Release */ = {
			isa = XCBuildConfiguration;
			buildSettings = {
				ASSETCATALOG_COMPILER_APPICON_NAME = AppIcon;
				DEVELOPMENT_TEAM = 7GY5FVN28H;
				ENABLE_BITCODE = NO;
				FRAMEWORK_SEARCH_PATHS = (
					"$(inherited)",
					"$(PROJECT_DIR)/Y2W_SDK_test/frameworks",
				);
				INFOPLIST_FILE = Y2W_SDK_test/Info.plist;
				LD_RUNPATH_SEARCH_PATHS = "$(inherited) @executable_path/Frameworks";
				OTHER_LDFLAGS = "-ObjC";
				PRODUCT_BUNDLE_IDENTIFIER = "com.liyueyun.Y2W-test-SDK.Y2W-SDK-test";
				PRODUCT_NAME = "$(TARGET_NAME)";
			};
			name = Release;
		};
		F4C4A2731F2B42CB00E61F5D /* Debug */ = {
			isa = XCBuildConfiguration;
			buildSettings = {
				BUNDLE_LOADER = "$(TEST_HOST)";
				DEVELOPMENT_TEAM = 7GY5FVN28H;
				INFOPLIST_FILE = Y2W_SDK_testTests/Info.plist;
				LD_RUNPATH_SEARCH_PATHS = "$(inherited) @executable_path/Frameworks @loader_path/Frameworks";
				PRODUCT_BUNDLE_IDENTIFIER = "com.liyueyun.Y2W-test-SDK.Y2W-SDK-testTests";
				PRODUCT_NAME = "$(TARGET_NAME)";
				TEST_HOST = "$(BUILT_PRODUCTS_DIR)/Y2W_SDK_test.app/Y2W_SDK_test";
			};
			name = Debug;
		};
		F4C4A2741F2B42CB00E61F5D /* Release */ = {
			isa = XCBuildConfiguration;
			buildSettings = {
				BUNDLE_LOADER = "$(TEST_HOST)";
				DEVELOPMENT_TEAM = 7GY5FVN28H;
				INFOPLIST_FILE = Y2W_SDK_testTests/Info.plist;
				LD_RUNPATH_SEARCH_PATHS = "$(inherited) @executable_path/Frameworks @loader_path/Frameworks";
				PRODUCT_BUNDLE_IDENTIFIER = "com.liyueyun.Y2W-test-SDK.Y2W-SDK-testTests";
				PRODUCT_NAME = "$(TARGET_NAME)";
				TEST_HOST = "$(BUILT_PRODUCTS_DIR)/Y2W_SDK_test.app/Y2W_SDK_test";
			};
			name = Release;
		};
		F4C4A2761F2B42CB00E61F5D /* Debug */ = {
			isa = XCBuildConfiguration;
			buildSettings = {
				DEVELOPMENT_TEAM = 7GY5FVN28H;
				INFOPLIST_FILE = Y2W_SDK_testUITests/Info.plist;
				LD_RUNPATH_SEARCH_PATHS = "$(inherited) @executable_path/Frameworks @loader_path/Frameworks";
				PRODUCT_BUNDLE_IDENTIFIER = "com.liyueyun.Y2W-test-SDK.Y2W-SDK-testUITests";
				PRODUCT_NAME = "$(TARGET_NAME)";
				TEST_TARGET_NAME = Y2W_SDK_test;
			};
			name = Debug;
		};
		F4C4A2771F2B42CB00E61F5D /* Release */ = {
			isa = XCBuildConfiguration;
			buildSettings = {
				DEVELOPMENT_TEAM = 7GY5FVN28H;
				INFOPLIST_FILE = Y2W_SDK_testUITests/Info.plist;
				LD_RUNPATH_SEARCH_PATHS = "$(inherited) @executable_path/Frameworks @loader_path/Frameworks";
				PRODUCT_BUNDLE_IDENTIFIER = "com.liyueyun.Y2W-test-SDK.Y2W-SDK-testUITests";
				PRODUCT_NAME = "$(TARGET_NAME)";
				TEST_TARGET_NAME = Y2W_SDK_test;
			};
			name = Release;
		};
/* End XCBuildConfiguration section */

/* Begin XCConfigurationList section */
		F4C4A23D1F2B42CB00E61F5D /* Build configuration list for PBXProject "Y2W_SDK_test" */ = {
			isa = XCConfigurationList;
			buildConfigurations = (
				F4C4A26D1F2B42CB00E61F5D /* Debug */,
				F4C4A26E1F2B42CB00E61F5D /* Release */,
			);
			defaultConfigurationIsVisible = 0;
			defaultConfigurationName = Release;
		};
		F4C4A26F1F2B42CB00E61F5D /* Build configuration list for PBXNativeTarget "Y2W_SDK_test" */ = {
			isa = XCConfigurationList;
			buildConfigurations = (
				F4C4A2701F2B42CB00E61F5D /* Debug */,
				F4C4A2711F2B42CB00E61F5D /* Release */,
			);
			defaultConfigurationIsVisible = 0;
			defaultConfigurationName = Release;
		};
		F4C4A2721F2B42CB00E61F5D /* Build configuration list for PBXNativeTarget "Y2W_SDK_testTests" */ = {
			isa = XCConfigurationList;
			buildConfigurations = (
				F4C4A2731F2B42CB00E61F5D /* Debug */,
				F4C4A2741F2B42CB00E61F5D /* Release */,
			);
			defaultConfigurationIsVisible = 0;
			defaultConfigurationName = Release;
		};
		F4C4A2751F2B42CB00E61F5D /* Build configuration list for PBXNativeTarget "Y2W_SDK_testUITests" */ = {
			isa = XCConfigurationList;
			buildConfigurations = (
				F4C4A2761F2B42CB00E61F5D /* Debug */,
				F4C4A2771F2B42CB00E61F5D /* Release */,
			);
			defaultConfigurationIsVisible = 0;
			defaultConfigurationName = Release;
		};
/* End XCConfigurationList section */
	};
	rootObject = F4C4A23A1F2B42CB00E61F5D /* Project object */;
}
